
Microsoft Visual Studio Solution File, Format Version 12.00
# Visual Studio Version 16
VisualStudioVersion = 16.0.32228.343
MinimumVisualStudioVersion = 10.0.40219.1
Project("{FAE04EC0-301F-11D3-BF4B-00C04F79EFBC}") = "UTS_211120645_EhudGratiaManullang", "UTS_211120645_Ehud Gratia Manullang\UTS_211120645_EhudGratiaManullang.csproj", "{15B92595-A20D-4D5C-AF23-68E6C76DA1E4}"
EndProject
Global
	GlobalSection(SolutionConfigurationPlatforms) = preSolution
		Debug|Any CPU = Debug|Any CPU
		Release|Any CPU = Release|Any CPU
	EndGlobalSection
	GlobalSection(ProjectConfigurationPlatforms) = postSolution
		{15B92595-A20D-4D5C-AF23-68E6C76DA1E4}.Debug|Any CPU.ActiveCfg = Debug|Any CPU
		{15B92595-A20D-4D5C-AF23-68E6C76DA1E4}.Debug|Any CPU.Build.0 = Debug|Any CPU
		{15B92595-A20D-4D5C-AF23-68E6C76DA1E4}.Release|Any CPU.ActiveCfg = Release|Any CPU
		{15B92595-A20D-4D5C-AF23-68E6C76DA1E4}.Release|Any CPU.Build.0 = Release|Any CPU
	EndGlobalSection
	GlobalSection(SolutionProperties) = preSolution
		HideSolutionNode = FALSE
	EndGlobalSection
	GlobalSection(ExtensibilityGlobals) = postSolution
		SolutionGuid = {34DD9AF6-3AC4-4BDD-AF8D-BCCF8BBB171A}
	EndGlobalSection
EndGlobal
