
Microsoft Visual Studio Solution File, Format Version 12.00
# Visual Studio Version 16
VisualStudioVersion = 16.0.32228.343
MinimumVisualStudioVersion = 10.0.40219.1
Project("{FAE04EC0-301F-11D3-BF4B-00C04F79EFBC}") = "Latihan", "Latihan\Latihan.csproj", "{38719A1A-2962-4608-B41D-5FBB09765FF8}"
EndProject
Global
	GlobalSection(SolutionConfigurationPlatforms) = preSolution
		Debug|Any CPU = Debug|Any CPU
		Release|Any CPU = Release|Any CPU
	EndGlobalSection
	GlobalSection(ProjectConfigurationPlatforms) = postSolution
		{38719A1A-2962-4608-B41D-5FBB09765FF8}.Debug|Any CPU.ActiveCfg = Debug|Any CPU
		{38719A1A-2962-4608-B41D-5FBB09765FF8}.Debug|Any CPU.Build.0 = Debug|Any CPU
		{38719A1A-2962-4608-B41D-5FBB09765FF8}.Release|Any CPU.ActiveCfg = Release|Any CPU
		{38719A1A-2962-4608-B41D-5FBB09765FF8}.Release|Any CPU.Build.0 = Release|Any CPU
	EndGlobalSection
	GlobalSection(SolutionProperties) = preSolution
		HideSolutionNode = FALSE
	EndGlobalSection
	GlobalSection(ExtensibilityGlobals) = postSolution
		SolutionGuid = {02B6F53A-A5C3-4BB9-83D8-8792FDBF2452}
	EndGlobalSection
EndGlobal
