
Microsoft Visual Studio Solution File, Format Version 12.00
# Visual Studio Version 16
VisualStudioVersion = 16.0.33027.164
MinimumVisualStudioVersion = 10.0.40219.1
Project("{FAE04EC0-301F-11D3-BF4B-00C04F79EFBC}") = "Teori", "Teori\Teori.csproj", "{C6999826-FA72-4777-B137-17010A5E1EE9}"
EndProject
Global
	GlobalSection(SolutionConfigurationPlatforms) = preSolution
		Debug|Any CPU = Debug|Any CPU
		Release|Any CPU = Release|Any CPU
	EndGlobalSection
	GlobalSection(ProjectConfigurationPlatforms) = postSolution
		{C6999826-FA72-4777-B137-17010A5E1EE9}.Debug|Any CPU.ActiveCfg = Debug|Any CPU
		{C6999826-FA72-4777-B137-17010A5E1EE9}.Debug|Any CPU.Build.0 = Debug|Any CPU
		{C6999826-FA72-4777-B137-17010A5E1EE9}.Release|Any CPU.ActiveCfg = Release|Any CPU
		{C6999826-FA72-4777-B137-17010A5E1EE9}.Release|Any CPU.Build.0 = Release|Any CPU
	EndGlobalSection
	GlobalSection(SolutionProperties) = preSolution
		HideSolutionNode = FALSE
	EndGlobalSection
	GlobalSection(ExtensibilityGlobals) = postSolution
		SolutionGuid = {1B6EB3AF-A945-4683-8CC9-88255978D42C}
	EndGlobalSection
EndGlobal
